
Microsoft Visual Studio Solution File, Format Version 12.00
# Visual Studio 15
Project("{FAE04EC0-301F-11D3-BF4B-00C04F79EFBC}") = "Clase6Ejercicio1.Android", "Clase6Ejercicio1.Android\Clase6Ejercicio1.Android.csproj", "{7B331E33-6584-4BAE-8385-F8E63BA3F6C5}"
EndProject
Project("{FAE04EC0-301F-11D3-BF4B-00C04F79EFBC}") = "Clase6Ejercicio1.iOS", "Clase6Ejercicio1.iOS\Clase6Ejercicio1.iOS.csproj", "{7A93C6E0-D6FD-4D77-B091-2FBD68CDC2F4}"
EndProject
Project("{FAE04EC0-301F-11D3-BF4B-00C04F79EFBC}") = "Clase6Ejercicio1", "Clase6Ejercicio1\Clase6Ejercicio1.csproj", "{DF773EF0-43B0-48FF-9B97-B29F062839FB}"
EndProject
Global
	GlobalSection(SolutionConfigurationPlatforms) = preSolution
		Debug|Any CPU = Debug|Any CPU
		Release|Any CPU = Release|Any CPU
		Debug|iPhoneSimulator = Debug|iPhoneSimulator
		Release|iPhoneSimulator = Release|iPhoneSimulator
		Debug|iPhone = Debug|iPhone
		Release|iPhone = Release|iPhone
		Ad-Hoc|iPhone = Ad-Hoc|iPhone
		AppStore|iPhone = AppStore|iPhone
	EndGlobalSection
	GlobalSection(ProjectConfigurationPlatforms) = postSolution
		{7B331E33-6584-4BAE-8385-F8E63BA3F6C5}.Debug|Any CPU.ActiveCfg = Debug|Any CPU
		{7B331E33-6584-4BAE-8385-F8E63BA3F6C5}.Debug|Any CPU.Build.0 = Debug|Any CPU
		{7B331E33-6584-4BAE-8385-F8E63BA3F6C5}.Release|Any CPU.ActiveCfg = Release|Any CPU
		{7B331E33-6584-4BAE-8385-F8E63BA3F6C5}.Release|Any CPU.Build.0 = Release|Any CPU
		{7B331E33-6584-4BAE-8385-F8E63BA3F6C5}.Debug|iPhoneSimulator.ActiveCfg = Debug|Any CPU
		{7B331E33-6584-4BAE-8385-F8E63BA3F6C5}.Debug|iPhoneSimulator.Build.0 = Debug|Any CPU
		{7B331E33-6584-4BAE-8385-F8E63BA3F6C5}.Release|iPhoneSimulator.ActiveCfg = Release|Any CPU
		{7B331E33-6584-4BAE-8385-F8E63BA3F6C5}.Release|iPhoneSimulator.Build.0 = Release|Any CPU
		{7B331E33-6584-4BAE-8385-F8E63BA3F6C5}.Debug|iPhone.ActiveCfg = Debug|Any CPU
		{7B331E33-6584-4BAE-8385-F8E63BA3F6C5}.Debug|iPhone.Build.0 = Debug|Any CPU
		{7B331E33-6584-4BAE-8385-F8E63BA3F6C5}.Release|iPhone.ActiveCfg = Release|Any CPU
		{7B331E33-6584-4BAE-8385-F8E63BA3F6C5}.Release|iPhone.Build.0 = Release|Any CPU
		{7B331E33-6584-4BAE-8385-F8E63BA3F6C5}.Ad-Hoc|iPhone.ActiveCfg = Debug|Any CPU
		{7B331E33-6584-4BAE-8385-F8E63BA3F6C5}.Ad-Hoc|iPhone.Build.0 = Debug|Any CPU
		{7B331E33-6584-4BAE-8385-F8E63BA3F6C5}.AppStore|iPhone.ActiveCfg = Debug|Any CPU
		{7B331E33-6584-4BAE-8385-F8E63BA3F6C5}.AppStore|iPhone.Build.0 = Debug|Any CPU
		{7A93C6E0-D6FD-4D77-B091-2FBD68CDC2F4}.Debug|Any CPU.ActiveCfg = Debug|iPhoneSimulator
		{7A93C6E0-D6FD-4D77-B091-2FBD68CDC2F4}.Debug|Any CPU.Build.0 = Debug|iPhoneSimulator
		{7A93C6E0-D6FD-4D77-B091-2FBD68CDC2F4}.Release|Any CPU.ActiveCfg = Release|iPhoneSimulator
		{7A93C6E0-D6FD-4D77-B091-2FBD68CDC2F4}.Release|Any CPU.Build.0 = Release|iPhoneSimulator
		{7A93C6E0-D6FD-4D77-B091-2FBD68CDC2F4}.Debug|iPhoneSimulator.ActiveCfg = Debug|iPhoneSimulator
		{7A93C6E0-D6FD-4D77-B091-2FBD68CDC2F4}.Debug|iPhoneSimulator.Build.0 = Debug|iPhoneSimulator
		{7A93C6E0-D6FD-4D77-B091-2FBD68CDC2F4}.Release|iPhoneSimulator.ActiveCfg = Release|iPhoneSimulator
		{7A93C6E0-D6FD-4D77-B091-2FBD68CDC2F4}.Release|iPhoneSimulator.Build.0 = Release|iPhoneSimulator
		{7A93C6E0-D6FD-4D77-B091-2FBD68CDC2F4}.Debug|iPhone.ActiveCfg = Debug|iPhone
		{7A93C6E0-D6FD-4D77-B091-2FBD68CDC2F4}.Debug|iPhone.Build.0 = Debug|iPhone
		{7A93C6E0-D6FD-4D77-B091-2FBD68CDC2F4}.Release|iPhone.ActiveCfg = Release|iPhone
		{7A93C6E0-D6FD-4D77-B091-2FBD68CDC2F4}.Release|iPhone.Build.0 = Release|iPhone
		{7A93C6E0-D6FD-4D77-B091-2FBD68CDC2F4}.Ad-Hoc|iPhone.ActiveCfg = Ad-Hoc|iPhone
		{7A93C6E0-D6FD-4D77-B091-2FBD68CDC2F4}.Ad-Hoc|iPhone.Build.0 = Ad-Hoc|iPhone
		{7A93C6E0-D6FD-4D77-B091-2FBD68CDC2F4}.AppStore|iPhone.ActiveCfg = AppStore|iPhone
		{7A93C6E0-D6FD-4D77-B091-2FBD68CDC2F4}.AppStore|iPhone.Build.0 = AppStore|iPhone
		{DF773EF0-43B0-48FF-9B97-B29F062839FB}.Debug|Any CPU.ActiveCfg = Debug|Any CPU
		{DF773EF0-43B0-48FF-9B97-B29F062839FB}.Debug|Any CPU.Build.0 = Debug|Any CPU
		{DF773EF0-43B0-48FF-9B97-B29F062839FB}.Release|Any CPU.ActiveCfg = Release|Any CPU
		{DF773EF0-43B0-48FF-9B97-B29F062839FB}.Release|Any CPU.Build.0 = Release|Any CPU
		{DF773EF0-43B0-48FF-9B97-B29F062839FB}.Debug|iPhoneSimulator.ActiveCfg = Debug|Any CPU
		{DF773EF0-43B0-48FF-9B97-B29F062839FB}.Debug|iPhoneSimulator.Build.0 = Debug|Any CPU
		{DF773EF0-43B0-48FF-9B97-B29F062839FB}.Release|iPhoneSimulator.ActiveCfg = Release|Any CPU
		{DF773EF0-43B0-48FF-9B97-B29F062839FB}.Release|iPhoneSimulator.Build.0 = Release|Any CPU
		{DF773EF0-43B0-48FF-9B97-B29F062839FB}.Debug|iPhone.ActiveCfg = Debug|Any CPU
		{DF773EF0-43B0-48FF-9B97-B29F062839FB}.Debug|iPhone.Build.0 = Debug|Any CPU
		{DF773EF0-43B0-48FF-9B97-B29F062839FB}.Release|iPhone.ActiveCfg = Release|Any CPU
		{DF773EF0-43B0-48FF-9B97-B29F062839FB}.Release|iPhone.Build.0 = Release|Any CPU
		{DF773EF0-43B0-48FF-9B97-B29F062839FB}.Ad-Hoc|iPhone.ActiveCfg = Debug|Any CPU
		{DF773EF0-43B0-48FF-9B97-B29F062839FB}.Ad-Hoc|iPhone.Build.0 = Debug|Any CPU
		{DF773EF0-43B0-48FF-9B97-B29F062839FB}.AppStore|iPhone.ActiveCfg = Debug|Any CPU
		{DF773EF0-43B0-48FF-9B97-B29F062839FB}.AppStore|iPhone.Build.0 = Debug|Any CPU
	EndGlobalSection
EndGlobal
