
Microsoft Visual Studio Solution File, Format Version 12.00
# Visual Studio 15
Project("{FAE04EC0-301F-11D3-BF4B-00C04F79EFBC}") = "Clase3Ejercicio1.Android", "Clase3Ejercicio1.Android\Clase3Ejercicio1.Android.csproj", "{2193EC85-898A-4D07-8D1E-6C77DC208803}"
EndProject
Project("{FAE04EC0-301F-11D3-BF4B-00C04F79EFBC}") = "Clase3Ejercicio1.iOS", "Clase3Ejercicio1.iOS\Clase3Ejercicio1.iOS.csproj", "{8EB52D0D-F4F4-416D-AC5D-962520B4AD4B}"
EndProject
Project("{FAE04EC0-301F-11D3-BF4B-00C04F79EFBC}") = "Clase3Ejercicio1", "Clase3Ejercicio1\Clase3Ejercicio1.csproj", "{7858694E-75A2-47A2-A6EC-34821654923D}"
EndProject
Global
	GlobalSection(SolutionConfigurationPlatforms) = preSolution
		Debug|Any CPU = Debug|Any CPU
		Release|Any CPU = Release|Any CPU
		Debug|iPhoneSimulator = Debug|iPhoneSimulator
		Release|iPhoneSimulator = Release|iPhoneSimulator
		Debug|iPhone = Debug|iPhone
		Release|iPhone = Release|iPhone
		Ad-Hoc|iPhone = Ad-Hoc|iPhone
		AppStore|iPhone = AppStore|iPhone
	EndGlobalSection
	GlobalSection(ProjectConfigurationPlatforms) = postSolution
		{2193EC85-898A-4D07-8D1E-6C77DC208803}.Debug|Any CPU.ActiveCfg = Debug|Any CPU
		{2193EC85-898A-4D07-8D1E-6C77DC208803}.Debug|Any CPU.Build.0 = Debug|Any CPU
		{2193EC85-898A-4D07-8D1E-6C77DC208803}.Release|Any CPU.ActiveCfg = Release|Any CPU
		{2193EC85-898A-4D07-8D1E-6C77DC208803}.Release|Any CPU.Build.0 = Release|Any CPU
		{2193EC85-898A-4D07-8D1E-6C77DC208803}.Debug|iPhoneSimulator.ActiveCfg = Debug|Any CPU
		{2193EC85-898A-4D07-8D1E-6C77DC208803}.Debug|iPhoneSimulator.Build.0 = Debug|Any CPU
		{2193EC85-898A-4D07-8D1E-6C77DC208803}.Release|iPhoneSimulator.ActiveCfg = Release|Any CPU
		{2193EC85-898A-4D07-8D1E-6C77DC208803}.Release|iPhoneSimulator.Build.0 = Release|Any CPU
		{2193EC85-898A-4D07-8D1E-6C77DC208803}.Debug|iPhone.ActiveCfg = Debug|Any CPU
		{2193EC85-898A-4D07-8D1E-6C77DC208803}.Debug|iPhone.Build.0 = Debug|Any CPU
		{2193EC85-898A-4D07-8D1E-6C77DC208803}.Release|iPhone.ActiveCfg = Release|Any CPU
		{2193EC85-898A-4D07-8D1E-6C77DC208803}.Release|iPhone.Build.0 = Release|Any CPU
		{2193EC85-898A-4D07-8D1E-6C77DC208803}.Ad-Hoc|iPhone.ActiveCfg = Debug|Any CPU
		{2193EC85-898A-4D07-8D1E-6C77DC208803}.Ad-Hoc|iPhone.Build.0 = Debug|Any CPU
		{2193EC85-898A-4D07-8D1E-6C77DC208803}.AppStore|iPhone.ActiveCfg = Debug|Any CPU
		{2193EC85-898A-4D07-8D1E-6C77DC208803}.AppStore|iPhone.Build.0 = Debug|Any CPU
		{8EB52D0D-F4F4-416D-AC5D-962520B4AD4B}.Debug|Any CPU.ActiveCfg = Debug|iPhoneSimulator
		{8EB52D0D-F4F4-416D-AC5D-962520B4AD4B}.Debug|Any CPU.Build.0 = Debug|iPhoneSimulator
		{8EB52D0D-F4F4-416D-AC5D-962520B4AD4B}.Release|Any CPU.ActiveCfg = Release|iPhoneSimulator
		{8EB52D0D-F4F4-416D-AC5D-962520B4AD4B}.Release|Any CPU.Build.0 = Release|iPhoneSimulator
		{8EB52D0D-F4F4-416D-AC5D-962520B4AD4B}.Debug|iPhoneSimulator.ActiveCfg = Debug|iPhoneSimulator
		{8EB52D0D-F4F4-416D-AC5D-962520B4AD4B}.Debug|iPhoneSimulator.Build.0 = Debug|iPhoneSimulator
		{8EB52D0D-F4F4-416D-AC5D-962520B4AD4B}.Release|iPhoneSimulator.ActiveCfg = Release|iPhoneSimulator
		{8EB52D0D-F4F4-416D-AC5D-962520B4AD4B}.Release|iPhoneSimulator.Build.0 = Release|iPhoneSimulator
		{8EB52D0D-F4F4-416D-AC5D-962520B4AD4B}.Debug|iPhone.ActiveCfg = Debug|iPhone
		{8EB52D0D-F4F4-416D-AC5D-962520B4AD4B}.Debug|iPhone.Build.0 = Debug|iPhone
		{8EB52D0D-F4F4-416D-AC5D-962520B4AD4B}.Release|iPhone.ActiveCfg = Release|iPhone
		{8EB52D0D-F4F4-416D-AC5D-962520B4AD4B}.Release|iPhone.Build.0 = Release|iPhone
		{8EB52D0D-F4F4-416D-AC5D-962520B4AD4B}.Ad-Hoc|iPhone.ActiveCfg = Ad-Hoc|iPhone
		{8EB52D0D-F4F4-416D-AC5D-962520B4AD4B}.Ad-Hoc|iPhone.Build.0 = Ad-Hoc|iPhone
		{8EB52D0D-F4F4-416D-AC5D-962520B4AD4B}.AppStore|iPhone.ActiveCfg = AppStore|iPhone
		{8EB52D0D-F4F4-416D-AC5D-962520B4AD4B}.AppStore|iPhone.Build.0 = AppStore|iPhone
		{7858694E-75A2-47A2-A6EC-34821654923D}.Debug|Any CPU.ActiveCfg = Debug|Any CPU
		{7858694E-75A2-47A2-A6EC-34821654923D}.Debug|Any CPU.Build.0 = Debug|Any CPU
		{7858694E-75A2-47A2-A6EC-34821654923D}.Release|Any CPU.ActiveCfg = Release|Any CPU
		{7858694E-75A2-47A2-A6EC-34821654923D}.Release|Any CPU.Build.0 = Release|Any CPU
		{7858694E-75A2-47A2-A6EC-34821654923D}.Debug|iPhoneSimulator.ActiveCfg = Debug|Any CPU
		{7858694E-75A2-47A2-A6EC-34821654923D}.Debug|iPhoneSimulator.Build.0 = Debug|Any CPU
		{7858694E-75A2-47A2-A6EC-34821654923D}.Release|iPhoneSimulator.ActiveCfg = Release|Any CPU
		{7858694E-75A2-47A2-A6EC-34821654923D}.Release|iPhoneSimulator.Build.0 = Release|Any CPU
		{7858694E-75A2-47A2-A6EC-34821654923D}.Debug|iPhone.ActiveCfg = Debug|Any CPU
		{7858694E-75A2-47A2-A6EC-34821654923D}.Debug|iPhone.Build.0 = Debug|Any CPU
		{7858694E-75A2-47A2-A6EC-34821654923D}.Release|iPhone.ActiveCfg = Release|Any CPU
		{7858694E-75A2-47A2-A6EC-34821654923D}.Release|iPhone.Build.0 = Release|Any CPU
		{7858694E-75A2-47A2-A6EC-34821654923D}.Ad-Hoc|iPhone.ActiveCfg = Debug|Any CPU
		{7858694E-75A2-47A2-A6EC-34821654923D}.Ad-Hoc|iPhone.Build.0 = Debug|Any CPU
		{7858694E-75A2-47A2-A6EC-34821654923D}.AppStore|iPhone.ActiveCfg = Debug|Any CPU
		{7858694E-75A2-47A2-A6EC-34821654923D}.AppStore|iPhone.Build.0 = Debug|Any CPU
	EndGlobalSection
EndGlobal
