
Microsoft Visual Studio Solution File, Format Version 12.00
# Visual Studio 15
Project("{FAE04EC0-301F-11D3-BF4B-00C04F79EFBC}") = "Clase1Ejercicio1.Android", "Clase1Ejercicio1.Android\Clase1Ejercicio1.Android.csproj", "{73221E29-48E4-4783-A8D1-8413C7C93C96}"
EndProject
Project("{FAE04EC0-301F-11D3-BF4B-00C04F79EFBC}") = "Clase1Ejercicio1.iOS", "Clase1Ejercicio1.iOS\Clase1Ejercicio1.iOS.csproj", "{0826377E-D110-4898-BE0C-16FDF811249C}"
EndProject
Project("{FAE04EC0-301F-11D3-BF4B-00C04F79EFBC}") = "Clase1Ejercicio1", "Clase1Ejercicio1\Clase1Ejercicio1.csproj", "{3EC57692-A6EF-429E-AEFF-E654E111B189}"
EndProject
Global
	GlobalSection(SolutionConfigurationPlatforms) = preSolution
		Debug|Any CPU = Debug|Any CPU
		Release|Any CPU = Release|Any CPU
		Debug|iPhoneSimulator = Debug|iPhoneSimulator
		Release|iPhoneSimulator = Release|iPhoneSimulator
		Debug|iPhone = Debug|iPhone
		Release|iPhone = Release|iPhone
		Ad-Hoc|iPhone = Ad-Hoc|iPhone
		AppStore|iPhone = AppStore|iPhone
	EndGlobalSection
	GlobalSection(ProjectConfigurationPlatforms) = postSolution
		{73221E29-48E4-4783-A8D1-8413C7C93C96}.Debug|Any CPU.ActiveCfg = Debug|Any CPU
		{73221E29-48E4-4783-A8D1-8413C7C93C96}.Debug|Any CPU.Build.0 = Debug|Any CPU
		{73221E29-48E4-4783-A8D1-8413C7C93C96}.Release|Any CPU.ActiveCfg = Release|Any CPU
		{73221E29-48E4-4783-A8D1-8413C7C93C96}.Release|Any CPU.Build.0 = Release|Any CPU
		{73221E29-48E4-4783-A8D1-8413C7C93C96}.Debug|iPhoneSimulator.ActiveCfg = Debug|Any CPU
		{73221E29-48E4-4783-A8D1-8413C7C93C96}.Debug|iPhoneSimulator.Build.0 = Debug|Any CPU
		{73221E29-48E4-4783-A8D1-8413C7C93C96}.Release|iPhoneSimulator.ActiveCfg = Release|Any CPU
		{73221E29-48E4-4783-A8D1-8413C7C93C96}.Release|iPhoneSimulator.Build.0 = Release|Any CPU
		{73221E29-48E4-4783-A8D1-8413C7C93C96}.Debug|iPhone.ActiveCfg = Debug|Any CPU
		{73221E29-48E4-4783-A8D1-8413C7C93C96}.Debug|iPhone.Build.0 = Debug|Any CPU
		{73221E29-48E4-4783-A8D1-8413C7C93C96}.Release|iPhone.ActiveCfg = Release|Any CPU
		{73221E29-48E4-4783-A8D1-8413C7C93C96}.Release|iPhone.Build.0 = Release|Any CPU
		{73221E29-48E4-4783-A8D1-8413C7C93C96}.Ad-Hoc|iPhone.ActiveCfg = Debug|Any CPU
		{73221E29-48E4-4783-A8D1-8413C7C93C96}.Ad-Hoc|iPhone.Build.0 = Debug|Any CPU
		{73221E29-48E4-4783-A8D1-8413C7C93C96}.AppStore|iPhone.ActiveCfg = Debug|Any CPU
		{73221E29-48E4-4783-A8D1-8413C7C93C96}.AppStore|iPhone.Build.0 = Debug|Any CPU
		{0826377E-D110-4898-BE0C-16FDF811249C}.Debug|Any CPU.ActiveCfg = Debug|iPhoneSimulator
		{0826377E-D110-4898-BE0C-16FDF811249C}.Debug|Any CPU.Build.0 = Debug|iPhoneSimulator
		{0826377E-D110-4898-BE0C-16FDF811249C}.Release|Any CPU.ActiveCfg = Release|iPhoneSimulator
		{0826377E-D110-4898-BE0C-16FDF811249C}.Release|Any CPU.Build.0 = Release|iPhoneSimulator
		{0826377E-D110-4898-BE0C-16FDF811249C}.Debug|iPhoneSimulator.ActiveCfg = Debug|iPhoneSimulator
		{0826377E-D110-4898-BE0C-16FDF811249C}.Debug|iPhoneSimulator.Build.0 = Debug|iPhoneSimulator
		{0826377E-D110-4898-BE0C-16FDF811249C}.Release|iPhoneSimulator.ActiveCfg = Release|iPhoneSimulator
		{0826377E-D110-4898-BE0C-16FDF811249C}.Release|iPhoneSimulator.Build.0 = Release|iPhoneSimulator
		{0826377E-D110-4898-BE0C-16FDF811249C}.Debug|iPhone.ActiveCfg = Debug|iPhone
		{0826377E-D110-4898-BE0C-16FDF811249C}.Debug|iPhone.Build.0 = Debug|iPhone
		{0826377E-D110-4898-BE0C-16FDF811249C}.Release|iPhone.ActiveCfg = Release|iPhone
		{0826377E-D110-4898-BE0C-16FDF811249C}.Release|iPhone.Build.0 = Release|iPhone
		{0826377E-D110-4898-BE0C-16FDF811249C}.Ad-Hoc|iPhone.ActiveCfg = Ad-Hoc|iPhone
		{0826377E-D110-4898-BE0C-16FDF811249C}.Ad-Hoc|iPhone.Build.0 = Ad-Hoc|iPhone
		{0826377E-D110-4898-BE0C-16FDF811249C}.AppStore|iPhone.ActiveCfg = AppStore|iPhone
		{0826377E-D110-4898-BE0C-16FDF811249C}.AppStore|iPhone.Build.0 = AppStore|iPhone
		{3EC57692-A6EF-429E-AEFF-E654E111B189}.Debug|Any CPU.ActiveCfg = Debug|Any CPU
		{3EC57692-A6EF-429E-AEFF-E654E111B189}.Debug|Any CPU.Build.0 = Debug|Any CPU
		{3EC57692-A6EF-429E-AEFF-E654E111B189}.Release|Any CPU.ActiveCfg = Release|Any CPU
		{3EC57692-A6EF-429E-AEFF-E654E111B189}.Release|Any CPU.Build.0 = Release|Any CPU
		{3EC57692-A6EF-429E-AEFF-E654E111B189}.Debug|iPhoneSimulator.ActiveCfg = Debug|Any CPU
		{3EC57692-A6EF-429E-AEFF-E654E111B189}.Debug|iPhoneSimulator.Build.0 = Debug|Any CPU
		{3EC57692-A6EF-429E-AEFF-E654E111B189}.Release|iPhoneSimulator.ActiveCfg = Release|Any CPU
		{3EC57692-A6EF-429E-AEFF-E654E111B189}.Release|iPhoneSimulator.Build.0 = Release|Any CPU
		{3EC57692-A6EF-429E-AEFF-E654E111B189}.Debug|iPhone.ActiveCfg = Debug|Any CPU
		{3EC57692-A6EF-429E-AEFF-E654E111B189}.Debug|iPhone.Build.0 = Debug|Any CPU
		{3EC57692-A6EF-429E-AEFF-E654E111B189}.Release|iPhone.ActiveCfg = Release|Any CPU
		{3EC57692-A6EF-429E-AEFF-E654E111B189}.Release|iPhone.Build.0 = Release|Any CPU
		{3EC57692-A6EF-429E-AEFF-E654E111B189}.Ad-Hoc|iPhone.ActiveCfg = Debug|Any CPU
		{3EC57692-A6EF-429E-AEFF-E654E111B189}.Ad-Hoc|iPhone.Build.0 = Debug|Any CPU
		{3EC57692-A6EF-429E-AEFF-E654E111B189}.AppStore|iPhone.ActiveCfg = Debug|Any CPU
		{3EC57692-A6EF-429E-AEFF-E654E111B189}.AppStore|iPhone.Build.0 = Debug|Any CPU
	EndGlobalSection
EndGlobal
